{
  "name": "news-warnings",
  "version": "1.0.0",
  "lockfileVersion": 3,
  "requires": true,
  "packages": {
    "": {
      "name": "news-warnings",
      "version": "1.0.0",
      "license": "MIT",
      "dependencies": {
        "node-fetch": "^3.3.0",
        "rss-parser": "^3.12.0"
      }
    },
    "node_modules/data-uri-to-buffer": {
      "version": "4.0.1",
      "resolved": "https://registry.npmjs.org/data-uri-to-buffer/-/data-uri-to-buffer-4.0.1.tgz",
      "integrity": "sha512-4oyKP9EMa1z7F7yAKvgIULm3Wb5YPhmkMqzThBDkjlzA9tzeb9ajwaa406yZqCfE1QtqTAndMZyYg5pR3N1F0Q==",
      "engines": {
        "node": ">= 12"
      }
    },
    "node_modules/fetch-blob": {
      "version": "3.2.0",
      "resolved": "https://registry.npmjs.org/fetch-blob/-/fetch-blob-3.2.0.tgz",
      "integrity": "sha512-W3xMCgVxR7aG7D0Y2H9WVv/h1TfG7lvW0Ax7AnN1j403rwhhtjfiVxzbcZqP2SRTlZ4V9UukeB5dzp0FxZw2Sg==",
      "dependencies": {
        "node-domexception": "^1.0.0",
        "web-streams-polyfill": "^3.0.3"
      },
      "engines": {
        "node": "^12.20 || >= 14.13"
      }
    },
    "node_modules/node-domexception": {
      "version": "1.0.0",
